
Microsoft Visual Studio Solution File, Format Version 12.00
# Visual Studio Version 16
VisualStudioVersion = 16.0.29709.97
MinimumVisualStudioVersion = 10.0.40219.1
Project("{FAE04EC0-301F-11D3-BF4B-00C04F79EFBC}") = "Exemplo2", "Exemplo2\Exemplo2.csproj", "{926959D9-8EDD-4114-AF88-49BE77D844AF}"
EndProject
Global
	GlobalSection(SolutionConfigurationPlatforms) = preSolution
		Debug|Any CPU = Debug|Any CPU
		Release|Any CPU = Release|Any CPU
	EndGlobalSection
	GlobalSection(ProjectConfigurationPlatforms) = postSolution
		{926959D9-8EDD-4114-AF88-49BE77D844AF}.Debug|Any CPU.ActiveCfg = Debug|Any CPU
		{926959D9-8EDD-4114-AF88-49BE77D844AF}.Debug|Any CPU.Build.0 = Debug|Any CPU
		{926959D9-8EDD-4114-AF88-49BE77D844AF}.Release|Any CPU.ActiveCfg = Release|Any CPU
		{926959D9-8EDD-4114-AF88-49BE77D844AF}.Release|Any CPU.Build.0 = Release|Any CPU
	EndGlobalSection
	GlobalSection(SolutionProperties) = preSolution
		HideSolutionNode = FALSE
	EndGlobalSection
	GlobalSection(ExtensibilityGlobals) = postSolution
		SolutionGuid = {995C5A25-D91C-4009-A38E-853E644ED98B}
	EndGlobalSection
EndGlobal
